
Microsoft Visual Studio Solution File, Format Version 12.00
# Visual Studio Version 17
VisualStudioVersion = 17.10.34916.146
MinimumVisualStudioVersion = 10.0.40219.1
Project("{2150E333-8FDC-42A3-9474-1A3956D46DE8}") = "Services", "Services", "{18344823-F40D-467F-93A3-76D94CD0F313}"
EndProject
Project("{2150E333-8FDC-42A3-9474-1A3956D46DE8}") = "Catalog", "Catalog", "{B72B67C9-9566-400F-BA09-21309D985DE5}"
EndProject
Project("{9A19103F-16F7-4668-BE54-9A1E7A4F7556}") = "Catalog.API", "Services\Catalog\Catalog.API\Catalog.API.csproj", "{B64E8662-01A1-4983-A66E-F50F5FD0B100}"
EndProject
Project("{2150E333-8FDC-42A3-9474-1A3956D46DE8}") = "BuildingBlocks", "BuildingBlocks", "{F7F2A687-DE0A-47F7-85AF-9A2DEBF56F23}"
EndProject
Project("{9A19103F-16F7-4668-BE54-9A1E7A4F7556}") = "BuildingBlocks", "BuildingBlocks\BuildingBlocks\BuildingBlocks.csproj", "{B7484CC1-01F6-4C35-920E-94831A37E7F0}"
EndProject
Project("{E53339B2-1760-4266-BCC7-CA923CBCF16C}") = "docker-compose", "docker-compose.dcproj", "{8EB7CA7F-BB0D-4A42-889B-587DE2E7BC61}"
EndProject
Project("{9A19103F-16F7-4668-BE54-9A1E7A4F7556}") = "Basket.API", "Services\Basket\Basket.API\Basket.API.csproj", "{B6E824C8-6D5C-47FF-9EB9-3344AAA3954E}"
EndProject
Project("{2150E333-8FDC-42A3-9474-1A3956D46DE8}") = "Basket", "Basket", "{A1BEF26C-B5C2-46AD-AB7B-33B2391EBDE6}"
EndProject
Project("{2150E333-8FDC-42A3-9474-1A3956D46DE8}") = "Discount", "Discount", "{7654CF77-2A0D-445C-A778-0B8083D317D6}"
EndProject
Project("{FAE04EC0-301F-11D3-BF4B-00C04F79EFBC}") = "Discount.Grpc", "Services\Discount\Discount.Grpc\Discount.Grpc.csproj", "{611F7A62-08DA-408E-AFEC-6483674B991B}"
EndProject
Global
	GlobalSection(SolutionConfigurationPlatforms) = preSolution
		Debug|Any CPU = Debug|Any CPU
		Release|Any CPU = Release|Any CPU
	EndGlobalSection
	GlobalSection(ProjectConfigurationPlatforms) = postSolution
		{B64E8662-01A1-4983-A66E-F50F5FD0B100}.Debug|Any CPU.ActiveCfg = Debug|Any CPU
		{B64E8662-01A1-4983-A66E-F50F5FD0B100}.Debug|Any CPU.Build.0 = Debug|Any CPU
		{B64E8662-01A1-4983-A66E-F50F5FD0B100}.Release|Any CPU.ActiveCfg = Release|Any CPU
		{B64E8662-01A1-4983-A66E-F50F5FD0B100}.Release|Any CPU.Build.0 = Release|Any CPU
		{B7484CC1-01F6-4C35-920E-94831A37E7F0}.Debug|Any CPU.ActiveCfg = Debug|Any CPU
		{B7484CC1-01F6-4C35-920E-94831A37E7F0}.Debug|Any CPU.Build.0 = Debug|Any CPU
		{B7484CC1-01F6-4C35-920E-94831A37E7F0}.Release|Any CPU.ActiveCfg = Release|Any CPU
		{B7484CC1-01F6-4C35-920E-94831A37E7F0}.Release|Any CPU.Build.0 = Release|Any CPU
		{8EB7CA7F-BB0D-4A42-889B-587DE2E7BC61}.Debug|Any CPU.ActiveCfg = Debug|Any CPU
		{8EB7CA7F-BB0D-4A42-889B-587DE2E7BC61}.Debug|Any CPU.Build.0 = Debug|Any CPU
		{8EB7CA7F-BB0D-4A42-889B-587DE2E7BC61}.Release|Any CPU.ActiveCfg = Release|Any CPU
		{8EB7CA7F-BB0D-4A42-889B-587DE2E7BC61}.Release|Any CPU.Build.0 = Release|Any CPU
		{B6E824C8-6D5C-47FF-9EB9-3344AAA3954E}.Debug|Any CPU.ActiveCfg = Debug|Any CPU
		{B6E824C8-6D5C-47FF-9EB9-3344AAA3954E}.Debug|Any CPU.Build.0 = Debug|Any CPU
		{B6E824C8-6D5C-47FF-9EB9-3344AAA3954E}.Release|Any CPU.ActiveCfg = Release|Any CPU
		{B6E824C8-6D5C-47FF-9EB9-3344AAA3954E}.Release|Any CPU.Build.0 = Release|Any CPU
		{611F7A62-08DA-408E-AFEC-6483674B991B}.Debug|Any CPU.ActiveCfg = Debug|Any CPU
		{611F7A62-08DA-408E-AFEC-6483674B991B}.Debug|Any CPU.Build.0 = Debug|Any CPU
		{611F7A62-08DA-408E-AFEC-6483674B991B}.Release|Any CPU.ActiveCfg = Release|Any CPU
		{611F7A62-08DA-408E-AFEC-6483674B991B}.Release|Any CPU.Build.0 = Release|Any CPU
	EndGlobalSection
	GlobalSection(SolutionProperties) = preSolution
		HideSolutionNode = FALSE
	EndGlobalSection
	GlobalSection(NestedProjects) = preSolution
		{B72B67C9-9566-400F-BA09-21309D985DE5} = {18344823-F40D-467F-93A3-76D94CD0F313}
		{B64E8662-01A1-4983-A66E-F50F5FD0B100} = {B72B67C9-9566-400F-BA09-21309D985DE5}
		{B7484CC1-01F6-4C35-920E-94831A37E7F0} = {F7F2A687-DE0A-47F7-85AF-9A2DEBF56F23}
		{B6E824C8-6D5C-47FF-9EB9-3344AAA3954E} = {A1BEF26C-B5C2-46AD-AB7B-33B2391EBDE6}
		{A1BEF26C-B5C2-46AD-AB7B-33B2391EBDE6} = {18344823-F40D-467F-93A3-76D94CD0F313}
		{7654CF77-2A0D-445C-A778-0B8083D317D6} = {18344823-F40D-467F-93A3-76D94CD0F313}
		{611F7A62-08DA-408E-AFEC-6483674B991B} = {7654CF77-2A0D-445C-A778-0B8083D317D6}
	EndGlobalSection
	GlobalSection(ExtensibilityGlobals) = postSolution
		SolutionGuid = {CEE95C0E-9392-4E71-B5A0-4A1C45856B47}
	EndGlobalSection
EndGlobal
